{
  "version": 4,
  "terraform_version": "1.13.1",
  "serial": 17,
  "lineage": "8ea12005-acd0-cf2e-ea48-4322610593bd",
  "outputs": {
    "jenkins_public_ip": {
      "value": "65.0.18.177",
      "type": "string"
    }
  },
  "resources": [
    {
      "mode": "managed",
      "type": "aws_instance",
      "name": "jenkins",
      "provider": "provider[\"registry.terraform.io/hashicorp/aws\"]",
      "instances": [
        {
          "schema_version": 2,
          "attributes": {
            "ami": "ami-07f07a6e1060cd2a8",
            "arn": "arn:aws:ec2:ap-south-1:180294219747:instance/i-0ec4362774ea482bc",
            "associate_public_ip_address": true,
            "availability_zone": "ap-south-1a",
            "capacity_reservation_specification": [
              {
                "capacity_reservation_preference": "open",
                "capacity_reservation_target": []
              }
            ],
            "cpu_options": [
              {
                "amd_sev_snp": "",
                "core_count": 2,
                "threads_per_core": 1
              }
            ],
            "credit_specification": [
              {
                "cpu_credits": "standard"
              }
            ],
            "disable_api_stop": false,
            "disable_api_termination": false,
            "ebs_block_device": [],
            "ebs_optimized": false,
            "enable_primary_ipv6": null,
            "enclave_options": [
              {
                "enabled": false
              }
            ],
            "ephemeral_block_device": [],
            "force_destroy": false,
            "get_password_data": false,
            "hibernation": false,
            "host_id": "",
            "host_resource_group_arn": null,
            "iam_instance_profile": "",
            "id": "i-0ec4362774ea482bc",
            "instance_initiated_shutdown_behavior": "stop",
            "instance_lifecycle": "",
            "instance_market_options": [],
            "instance_state": "running",
            "instance_type": "t2.medium",
            "ipv6_address_count": 0,
            "ipv6_addresses": [],
            "key_name": "jenkins-key",
            "launch_template": [],
            "maintenance_options": [
              {
                "auto_recovery": "default"
              }
            ],
            "metadata_options": [
              {
                "http_endpoint": "enabled",
                "http_protocol_ipv6": "disabled",
                "http_put_response_hop_limit": 1,
                "http_tokens": "optional",
                "instance_metadata_tags": "disabled"
              }
            ],
            "monitoring": false,
            "network_interface": [],
            "outpost_arn": "",
            "password_data": "",
            "placement_group": "",
            "placement_group_id": "",
            "placement_partition_number": 0,
            "primary_network_interface": [
              {
                "delete_on_termination": true,
                "network_interface_id": "eni-0b049b9ddfe5999d6"
              }
            ],
            "primary_network_interface_id": "eni-0b049b9ddfe5999d6",
            "private_dns": "ip-172-31-41-181.ap-south-1.compute.internal",
            "private_dns_name_options": [
              {
                "enable_resource_name_dns_a_record": false,
                "enable_resource_name_dns_aaaa_record": false,
                "hostname_type": "ip-name"
              }
            ],
            "private_ip": "172.31.41.181",
            "public_dns": "ec2-65-0-18-177.ap-south-1.compute.amazonaws.com",
            "public_ip": "65.0.18.177",
            "region": "ap-south-1",
            "root_block_device": [
              {
                "delete_on_termination": true,
                "device_name": "/dev/sda1",
                "encrypted": false,
                "iops": 100,
                "kms_key_id": "",
                "tags": {},
                "tags_all": {},
                "throughput": 0,
                "volume_id": "vol-0f034d0ffd15f0e04",
                "volume_size": 8,
                "volume_type": "gp2"
              }
            ],
            "secondary_private_ips": [],
            "security_groups": [
              "jenkins-sg"
            ],
            "source_dest_check": true,
            "spot_instance_request_id": "",
            "subnet_id": "subnet-008a1579832cd2bc8",
            "tags": {
              "Name": "Jenkins-Server"
            },
            "tags_all": {
              "Name": "Jenkins-Server"
            },
            "tenancy": "default",
            "timeouts": null,
            "user_data": "#!/bin/bash\n# Update system\nsudo apt update -y\nsudo apt upgrade -y\n\n# Install Java 17\nsudo apt install -y openjdk-17-jdk\n\n# Set JAVA_HOME\necho \"JAVA_HOME=/usr/lib/jvm/java-17-openjdk-amd64\" | sudo tee -a /etc/environment\nsource /etc/environment\n\n# Install required packages\nsudo apt install -y gnupg2 curl git maven\n\n# Add Jenkins repo\ncurl -fsSL https://pkg.jenkins.io/debian-stable/jenkins.io-2023.key | sudo tee /usr/share/keyrings/jenkins-keyring.asc \u003e /dev/null\necho \"deb [signed-by=/usr/share/keyrings/jenkins-keyring.asc] https://pkg.jenkins.io/debian-stable binary/\" | sudo tee /etc/apt/sources.list.d/jenkins.list\n\n# Install Jenkins\nsudo apt update -y\nsudo apt install -y jenkins\n\n# Fix permissions\nsudo chown -R jenkins:jenkins /var/lib/jenkins /var/cache/jenkins /var/log/jenkins\n\n# Start Jenkins\nsudo systemctl enable jenkins\nsudo systemctl start jenkins\n\n# Print initial admin password\nsudo cat /var/lib/jenkins/secrets/initialAdminPassword\n",
            "user_data_base64": null,
            "user_data_replace_on_change": false,
            "volume_tags": null,
            "vpc_security_group_ids": [
              "sg-0df1fa13c25a415f8"
            ]
          },
          "sensitive_attributes": [],
          "identity_schema_version": 0,
          "identity": {
            "account_id": "180294219747",
            "id": "i-0ec4362774ea482bc",
            "region": "ap-south-1"
          },
          "private": "eyJlMmJmYjczMC1lY2FhLTExZTYtOGY4OC0zNDM2M2JjN2M0YzAiOnsiY3JlYXRlIjo2MDAwMDAwMDAwMDAsImRlbGV0ZSI6MTIwMDAwMDAwMDAwMCwicmVhZCI6OTAwMDAwMDAwMDAwLCJ1cGRhdGUiOjYwMDAwMDAwMDAwMH0sInNjaGVtYV92ZXJzaW9uIjoiMiJ9",
          "dependencies": [
            "aws_key_pair.jenkins_key",
            "aws_security_group.jenkins_sg"
          ]
        }
      ]
    },
    {
      "mode": "managed",
      "type": "aws_key_pair",
      "name": "jenkins_key",
      "provider": "provider[\"registry.terraform.io/hashicorp/aws\"]",
      "instances": [
        {
          "schema_version": 1,
          "attributes": {
            "arn": "arn:aws:ec2:ap-south-1:180294219747:key-pair/jenkins-key",
            "fingerprint": "c6:d4:e9:b3:7a:4b:49:fa:25:b0:67:ad:1f:a7:a4:a7",
            "id": "jenkins-key",
            "key_name": "jenkins-key",
            "key_name_prefix": "",
            "key_pair_id": "key-0eac1f3147ab25369",
            "key_type": "rsa",
            "public_key": "ssh-rsa AAAAB3NzaC1yc2EAAAADAQABAAACAQCg/V9wfpkwyYuy58cB6WBvb/t560X0rhDN9CWjhnVE0ddQiNsS1bYE/LDufLZzBfFA01vPiCMypd64h8XhW//dt8IrUmtZvsnVC7vvy8U+qUCZNwhxWO6lbkS0s628/EozzUr3tV5L0x2WxxXEgKljmOBJ1k4nbBkIQpT2nIrNG57rrhjBZqT56+s6wFa4hkTxQRUJvUMTyhW4F4BgvC/AzYa0+rEGCPbKDTawE43V4cm2CNWqhtrCig/ynvdbblUq2ykcBN9dyDNMiSrH06uS2FmSYqqWBwWV46z40dzEl2yWWgnTKjQS9NsyytXcm09xZFdHydtK9882d0pKwMzUHoweJ4rOhu98PbUMC7ZN3xuijbWoLON3B3bGtoePBW7x1iRBXP56gNVY8fx5q7a78dpjDNmvWThgOHEiX0vx8TUM0JoY+Pka94noqXjV2PjdutW/9vWsL9DyifF5cQulfph4jsQXtstcXUT2iNWBbjgbyHIFEE3I8oupfbbuWvSAhjG/y/yz9e7bXgcPjeC5gVQJBSRrABvV/LaQvlxH5uA2EB3co36TqHJHyf0GXaPHIHWQd6jwYr4LkQyXbIP9kDDkbj8bPOHyiKja3mobDLXJ2oWl8lIDRnFilCietwF9zFn4ecdr/abEPNPlrNeA+rmDkEBZd2mo45d3pJr/dQ== kmchandrashekhar.iitkgp@gmail.com",
            "region": "ap-south-1",
            "tags": {},
            "tags_all": {}
          },
          "sensitive_attributes": [],
          "identity_schema_version": 0,
          "private": "eyJzY2hlbWFfdmVyc2lvbiI6IjEifQ=="
        }
      ]
    },
    {
      "mode": "managed",
      "type": "aws_security_group",
      "name": "jenkins_sg",
      "provider": "provider[\"registry.terraform.io/hashicorp/aws\"]",
      "instances": [
        {
          "schema_version": 1,
          "attributes": {
            "arn": "arn:aws:ec2:ap-south-1:180294219747:security-group/sg-0df1fa13c25a415f8",
            "description": "Allow SSH and Jenkins",
            "egress": [
              {
                "cidr_blocks": [
                  "0.0.0.0/0"
                ],
                "description": "",
                "from_port": 0,
                "ipv6_cidr_blocks": [],
                "prefix_list_ids": [],
                "protocol": "-1",
                "security_groups": [],
                "self": false,
                "to_port": 0
              }
            ],
            "id": "sg-0df1fa13c25a415f8",
            "ingress": [
              {
                "cidr_blocks": [
                  "0.0.0.0/0"
                ],
                "description": "",
                "from_port": 22,
                "ipv6_cidr_blocks": [],
                "prefix_list_ids": [],
                "protocol": "tcp",
                "security_groups": [],
                "self": false,
                "to_port": 22
              },
              {
                "cidr_blocks": [
                  "0.0.0.0/0"
                ],
                "description": "",
                "from_port": 8080,
                "ipv6_cidr_blocks": [],
                "prefix_list_ids": [],
                "protocol": "tcp",
                "security_groups": [],
                "self": false,
                "to_port": 8080
              }
            ],
            "name": "jenkins-sg",
            "name_prefix": "",
            "owner_id": "180294219747",
            "region": "ap-south-1",
            "revoke_rules_on_delete": false,
            "tags": {},
            "tags_all": {},
            "timeouts": null,
            "vpc_id": "vpc-09679fb20022fd60b"
          },
          "sensitive_attributes": [],
          "identity_schema_version": 0,
          "identity": {
            "account_id": "180294219747",
            "id": "sg-0df1fa13c25a415f8",
            "region": "ap-south-1"
          },
          "private": "eyJlMmJmYjczMC1lY2FhLTExZTYtOGY4OC0zNDM2M2JjN2M0YzAiOnsiY3JlYXRlIjo2MDAwMDAwMDAwMDAsImRlbGV0ZSI6OTAwMDAwMDAwMDAwfSwic2NoZW1hX3ZlcnNpb24iOiIxIn0="
        }
      ]
    }
  ],
  "check_results": null
}
